// !$*UTF8*$!
{
	archiveVersion = 1;
	classes = {
	};
	objectVersion = 50;
	objects = {

/* Begin PBXBuildFile section */
		3A071EDF26676DFC00AC5221 /* KKXTextLabelView.swift in Sources */ = {isa = PBXBuildFile; fileRef = 3A071EDE26676DFC00AC5221 /* KKXTextLabelView.swift */; };
		3A071EF02668BC1000AC5221 /* KKXCountingLabel.swift in Sources */ = {isa = PBXBuildFile; fileRef = 3A071EEF2668BC1000AC5221 /* KKXCountingLabel.swift */; };
		3A0C3CA6267B5C5600F713AE /* KKXMobile.bundle in Resources */ = {isa = PBXBuildFile; fileRef = 3A0C3CA5267B5C5500F713AE /* KKXMobile.bundle */; };
		3A311A7F26D797C6003B3F7D /* WKWebViewExtension.swift in Sources */ = {isa = PBXBuildFile; fileRef = 3A311A7E26D797C6003B3F7D /* WKWebViewExtension.swift */; };
		3A311ABE26E8CE4F003B3F7D /* KKXMobile.swift in Sources */ = {isa = PBXBuildFile; fileRef = 3A311ABD26E8CE4E003B3F7D /* KKXMobile.swift */; };
		3A7245072758772200096F2E /* SecondViewController.swift in Sources */ = {isa = PBXBuildFile; fileRef = 3A7245062758772200096F2E /* SecondViewController.swift */; };
		3A7245092758B3CD00096F2E /* KKXTextView.swift in Sources */ = {isa = PBXBuildFile; fileRef = 3A7245082758B3CD00096F2E /* KKXTextView.swift */; };
		3A72450D2758D38D00096F2E /* TextFieldController.swift in Sources */ = {isa = PBXBuildFile; fileRef = 3A72450C2758D38D00096F2E /* TextFieldController.swift */; };
		3A72450F2759C5A600096F2E /* StackViewController.swift in Sources */ = {isa = PBXBuildFile; fileRef = 3A72450E2759C5A600096F2E /* StackViewController.swift */; };
		3A7F075026A0158300DE21BF /* TestScrollViewController.swift in Sources */ = {isa = PBXBuildFile; fileRef = 3A7F074F26A0158300DE21BF /* TestScrollViewController.swift */; };
		3A9B1F9A264A926600A25136 /* UITextFieldExtension.swift in Sources */ = {isa = PBXBuildFile; fileRef = 3A9B1F99264A926600A25136 /* UITextFieldExtension.swift */; };
		3A9B1F9C264A972300A25136 /* UITextViewExtension.swift in Sources */ = {isa = PBXBuildFile; fileRef = 3A9B1F9B264A972300A25136 /* UITextViewExtension.swift */; };
		3AA117732649194C0093551B /* AppDelegate.swift in Sources */ = {isa = PBXBuildFile; fileRef = 3AA117722649194C0093551B /* AppDelegate.swift */; };
		3AA1177A2649194C0093551B /* Main.storyboard in Resources */ = {isa = PBXBuildFile; fileRef = 3AA117782649194C0093551B /* Main.storyboard */; };
		3AA1177C2649194E0093551B /* Assets.xcassets in Resources */ = {isa = PBXBuildFile; fileRef = 3AA1177B2649194E0093551B /* Assets.xcassets */; };
		3AA1177F2649194E0093551B /* LaunchScreen.storyboard in Resources */ = {isa = PBXBuildFile; fileRef = 3AA1177D2649194E0093551B /* LaunchScreen.storyboard */; };
		3AA117892649199F0093551B /* TimerExtension.swift in Sources */ = {isa = PBXBuildFile; fileRef = 3AA117882649199F0093551B /* TimerExtension.swift */; };
		3AA1178B264922C10093551B /* UITabBarControllerExtension.swift in Sources */ = {isa = PBXBuildFile; fileRef = 3AA1178A264922C10093551B /* UITabBarControllerExtension.swift */; };
		3AA1178D264924880093551B /* UICollectionViewCellExtension.swift in Sources */ = {isa = PBXBuildFile; fileRef = 3AA1178C264924880093551B /* UICollectionViewCellExtension.swift */; };
		3AA1178F264925B30093551B /* UIViewExtension.swift in Sources */ = {isa = PBXBuildFile; fileRef = 3AA1178E264925B30093551B /* UIViewExtension.swift */; };
		3AA11791264926260093551B /* UIColorExtension.swift in Sources */ = {isa = PBXBuildFile; fileRef = 3AA11790264926260093551B /* UIColorExtension.swift */; };
		3AA11794264926F40093551B /* Protocol.swift in Sources */ = {isa = PBXBuildFile; fileRef = 3AA11793264926F40093551B /* Protocol.swift */; };
		3AA11796264928220093551B /* DispatchQueueExtension.swift in Sources */ = {isa = PBXBuildFile; fileRef = 3AA11795264928220093551B /* DispatchQueueExtension.swift */; };
		3AA11798264928570093551B /* StringExtension.swift in Sources */ = {isa = PBXBuildFile; fileRef = 3AA11797264928570093551B /* StringExtension.swift */; };
		3AA1179A26492AB20093551B /* DateExtension.swift in Sources */ = {isa = PBXBuildFile; fileRef = 3AA1179926492AB20093551B /* DateExtension.swift */; };
		3AA1179C26492B260093551B /* UIScrollViewExtension.swift in Sources */ = {isa = PBXBuildFile; fileRef = 3AA1179B26492B260093551B /* UIScrollViewExtension.swift */; };
		3AA1179F26492CFE0093551B /* KKXEmptyDataView.swift in Sources */ = {isa = PBXBuildFile; fileRef = 3AA1179E26492CFE0093551B /* KKXEmptyDataView.swift */; };
		3AA117A126492DBF0093551B /* UIViewControllerExtension.swift in Sources */ = {isa = PBXBuildFile; fileRef = 3AA117A026492DBF0093551B /* UIViewControllerExtension.swift */; };
		3AA117A326492E340093551B /* KKXExtension.swift in Sources */ = {isa = PBXBuildFile; fileRef = 3AA117A226492E340093551B /* KKXExtension.swift */; };
		3AA117A6264934750093551B /* Configuration.swift in Sources */ = {isa = PBXBuildFile; fileRef = 3AA117A5264934750093551B /* Configuration.swift */; };
		3AA117A826493DE50093551B /* Convenient.swift in Sources */ = {isa = PBXBuildFile; fileRef = 3AA117A726493DE50093551B /* Convenient.swift */; };
		3AA117AA264940DC0093551B /* UIDeviceExtension.swift in Sources */ = {isa = PBXBuildFile; fileRef = 3AA117A9264940DC0093551B /* UIDeviceExtension.swift */; };
		3AA117AE264941600093551B /* NSObjectExtension.swift in Sources */ = {isa = PBXBuildFile; fileRef = 3AA117AD264941600093551B /* NSObjectExtension.swift */; };
		3AA117B0264942C10093551B /* UIImageExtension.swift in Sources */ = {isa = PBXBuildFile; fileRef = 3AA117AF264942C10093551B /* UIImageExtension.swift */; };
		3AA117B2264942DA0093551B /* UICollectionViewExtension.swift in Sources */ = {isa = PBXBuildFile; fileRef = 3AA117B1264942DA0093551B /* UICollectionViewExtension.swift */; };
		3AA117B42649432C0093551B /* TimeIntervalExtension.swift in Sources */ = {isa = PBXBuildFile; fileRef = 3AA117B32649432C0093551B /* TimeIntervalExtension.swift */; };
		3AA117B6264943670093551B /* UIEdgeInsetsExtension.swift in Sources */ = {isa = PBXBuildFile; fileRef = 3AA117B5264943670093551B /* UIEdgeInsetsExtension.swift */; };
		3AA117B8264944B80093551B /* UINavigationControllerExtension.swift in Sources */ = {isa = PBXBuildFile; fileRef = 3AA117B7264944B80093551B /* UINavigationControllerExtension.swift */; };
		3AA117BA264944FA0093551B /* UITableViewExtension.swift in Sources */ = {isa = PBXBuildFile; fileRef = 3AA117B9264944FA0093551B /* UITableViewExtension.swift */; };
		3AA117BC264945E20093551B /* KKXViewController.swift in Sources */ = {isa = PBXBuildFile; fileRef = 3AA117BB264945E20093551B /* KKXViewController.swift */; };
		3AA117BE2649465D0093551B /* KKXNavigationController.swift in Sources */ = {isa = PBXBuildFile; fileRef = 3AA117BD2649465D0093551B /* KKXNavigationController.swift */; };
		3AA117C0264946A20093551B /* KKXTabBarController.swift in Sources */ = {isa = PBXBuildFile; fileRef = 3AA117BF264946A20093551B /* KKXTabBarController.swift */; };
		3AA117C2264946DD0093551B /* KKXTableViewController.swift in Sources */ = {isa = PBXBuildFile; fileRef = 3AA117C1264946DD0093551B /* KKXTableViewController.swift */; };
		3AA117C42649472E0093551B /* KKXScrollViewController.swift in Sources */ = {isa = PBXBuildFile; fileRef = 3AA117C32649472E0093551B /* KKXScrollViewController.swift */; };
		3AA117C6264947660093551B /* KKXCollectionViewController.swift in Sources */ = {isa = PBXBuildFile; fileRef = 3AA117C5264947660093551B /* KKXCollectionViewController.swift */; };
		3AA117C8264947A00093551B /* KKXWebViewController.swift in Sources */ = {isa = PBXBuildFile; fileRef = 3AA117C7264947A00093551B /* KKXWebViewController.swift */; };
		3AA117CA264949F90093551B /* KKXFlowLayout.swift in Sources */ = {isa = PBXBuildFile; fileRef = 3AA117C9264949F90093551B /* KKXFlowLayout.swift */; };
		3AC03103277D8F63004BBC69 /* Protocol.swift in Sources */ = {isa = PBXBuildFile; fileRef = 3AC03102277D8F63004BBC69 /* Protocol.swift */; };
		3AE07AD8273E6F5800A6BA0F /* KKXInputView.swift in Sources */ = {isa = PBXBuildFile; fileRef = 3AE07AD7273E6F5800A6BA0F /* KKXInputView.swift */; };
		3AE987AA264B7AC300A4953D /* MainViewController.swift in Sources */ = {isa = PBXBuildFile; fileRef = 3AE987A9264B7AC300A4953D /* MainViewController.swift */; };
		3AEF2410265CFB32006FA9D4 /* KKXAlertManager.swift in Sources */ = {isa = PBXBuildFile; fileRef = 3AEF240F265CFB32006FA9D4 /* KKXAlertManager.swift */; };
		3AEF2412265CFB48006FA9D4 /* KKXAlertController.swift in Sources */ = {isa = PBXBuildFile; fileRef = 3AEF2411265CFB47006FA9D4 /* KKXAlertController.swift */; };
		3AEF2418265CFBED006FA9D4 /* KKXImageTransition.swift in Sources */ = {isa = PBXBuildFile; fileRef = 3AEF2414265CFBED006FA9D4 /* KKXImageTransition.swift */; };
		3AEF2419265CFBED006FA9D4 /* KKXImagePreviewController.swift in Sources */ = {isa = PBXBuildFile; fileRef = 3AEF2415265CFBED006FA9D4 /* KKXImagePreviewController.swift */; };
		3AEF241A265CFBED006FA9D4 /* KKXImageScrollView.swift in Sources */ = {isa = PBXBuildFile; fileRef = 3AEF2416265CFBED006FA9D4 /* KKXImageScrollView.swift */; };
		3AEF241B265CFBED006FA9D4 /* KKXImageContentController.swift in Sources */ = {isa = PBXBuildFile; fileRef = 3AEF2417265CFBED006FA9D4 /* KKXImageContentController.swift */; };
		3AEF2424265CFC2D006FA9D4 /* KKXSearchKeysCell.swift in Sources */ = {isa = PBXBuildFile; fileRef = 3AEF241D265CFC2D006FA9D4 /* KKXSearchKeysCell.swift */; };
		3AEF2425265CFC2D006FA9D4 /* KKXSearchKeysHeader.swift in Sources */ = {isa = PBXBuildFile; fileRef = 3AEF241E265CFC2D006FA9D4 /* KKXSearchKeysHeader.swift */; };
		3AEF2426265CFC2D006FA9D4 /* KKXSearchView.swift in Sources */ = {isa = PBXBuildFile; fileRef = 3AEF241F265CFC2D006FA9D4 /* KKXSearchView.swift */; };
		3AEF2427265CFC2D006FA9D4 /* KKXSearchKeysLayout.swift in Sources */ = {isa = PBXBuildFile; fileRef = 3AEF2420265CFC2D006FA9D4 /* KKXSearchKeysLayout.swift */; };
		3AEF2428265CFC2D006FA9D4 /* KKXSearchKeysController.swift in Sources */ = {isa = PBXBuildFile; fileRef = 3AEF2421265CFC2D006FA9D4 /* KKXSearchKeysController.swift */; };
		3AEF2429265CFC2D006FA9D4 /* KKXSearchManager.swift in Sources */ = {isa = PBXBuildFile; fileRef = 3AEF2422265CFC2D006FA9D4 /* KKXSearchManager.swift */; };
		3AEF2434265CFCCE006FA9D4 /* KKXScanLineAnimation.swift in Sources */ = {isa = PBXBuildFile; fileRef = 3AEF242C265CFCCE006FA9D4 /* KKXScanLineAnimation.swift */; };
		3AEF2435265CFCCE006FA9D4 /* KKXScanResultController.swift in Sources */ = {isa = PBXBuildFile; fileRef = 3AEF242D265CFCCE006FA9D4 /* KKXScanResultController.swift */; };
		3AEF2436265CFCCE006FA9D4 /* KKXScanView.swift in Sources */ = {isa = PBXBuildFile; fileRef = 3AEF242E265CFCCE006FA9D4 /* KKXScanView.swift */; };
		3AEF2438265CFCCE006FA9D4 /* KKXScanNetAnimation.swift in Sources */ = {isa = PBXBuildFile; fileRef = 3AEF2430265CFCCE006FA9D4 /* KKXScanNetAnimation.swift */; };
		3AEF2439265CFCCE006FA9D4 /* KKXScanViewStyle.swift in Sources */ = {isa = PBXBuildFile; fileRef = 3AEF2431265CFCCE006FA9D4 /* KKXScanViewStyle.swift */; };
		3AEF243A265CFCCE006FA9D4 /* KKXScanViewController.swift in Sources */ = {isa = PBXBuildFile; fileRef = 3AEF2432265CFCCE006FA9D4 /* KKXScanViewController.swift */; };
		3AEF243B265CFCCE006FA9D4 /* KKXScanWrapper.swift in Sources */ = {isa = PBXBuildFile; fileRef = 3AEF2433265CFCCE006FA9D4 /* KKXScanWrapper.swift */; };
		3AEF24F02660C708006FA9D4 /* README.md in Resources */ = {isa = PBXBuildFile; fileRef = 3AEF24EF2660C708006FA9D4 /* README.md */; };
		3AEF24F32660C916006FA9D4 /* PhotoViewController.swift in Sources */ = {isa = PBXBuildFile; fileRef = 3AEF24F22660C916006FA9D4 /* PhotoViewController.swift */; };
		3AEF24F52660E102006FA9D4 /* CrashReport.swift in Sources */ = {isa = PBXBuildFile; fileRef = 3AEF24F42660E101006FA9D4 /* CrashReport.swift */; };
		3AFCF19B264A22540026B5EB /* BundleExtension.swift in Sources */ = {isa = PBXBuildFile; fileRef = 3AFCF19A264A22540026B5EB /* BundleExtension.swift */; };
		3AFCF19E264A2DBE0026B5EB /* KKXPreferences.swift in Sources */ = {isa = PBXBuildFile; fileRef = 3AFCF19D264A2DBD0026B5EB /* KKXPreferences.swift */; };
		3AFCF1A0264A46C30026B5EB /* ObjectWrapper.swift in Sources */ = {isa = PBXBuildFile; fileRef = 3AFCF19F264A46C30026B5EB /* ObjectWrapper.swift */; };
		3AFCF1A3264A4AAC0026B5EB /* KKXCollectionViewCell.swift in Sources */ = {isa = PBXBuildFile; fileRef = 3AFCF1A2264A4AAC0026B5EB /* KKXCollectionViewCell.swift */; };
		3AFCF1A5264A4B070026B5EB /* KKXTableViewCell.swift in Sources */ = {isa = PBXBuildFile; fileRef = 3AFCF1A4264A4B070026B5EB /* KKXTableViewCell.swift */; };
		3AFCF1AB264A62720026B5EB /* KKXInputLabel.swift in Sources */ = {isa = PBXBuildFile; fileRef = 3AFCF1AA264A62720026B5EB /* KKXInputLabel.swift */; };
		3AFCF1AD264A64AC0026B5EB /* KKXTextField.swift in Sources */ = {isa = PBXBuildFile; fileRef = 3AFCF1AC264A64AC0026B5EB /* KKXTextField.swift */; };
/* End PBXBuildFile section */

/* Begin PBXFileReference section */
		3A071EDE26676DFC00AC5221 /* KKXTextLabelView.swift */ = {isa = PBXFileReference; lastKnownFileType = sourcecode.swift; path = KKXTextLabelView.swift; sourceTree = "<group>"; };
		3A071EEF2668BC1000AC5221 /* KKXCountingLabel.swift */ = {isa = PBXFileReference; lastKnownFileType = sourcecode.swift; path = KKXCountingLabel.swift; sourceTree = "<group>"; };
		3A0C3CA5267B5C5500F713AE /* KKXMobile.bundle */ = {isa = PBXFileReference; lastKnownFileType = "wrapper.plug-in"; path = KKXMobile.bundle; sourceTree = "<group>"; };
		3A311A7E26D797C6003B3F7D /* WKWebViewExtension.swift */ = {isa = PBXFileReference; lastKnownFileType = sourcecode.swift; path = WKWebViewExtension.swift; sourceTree = "<group>"; };
		3A311ABD26E8CE4E003B3F7D /* KKXMobile.swift */ = {isa = PBXFileReference; lastKnownFileType = sourcecode.swift; path = KKXMobile.swift; sourceTree = "<group>"; };
		3A7245062758772200096F2E /* SecondViewController.swift */ = {isa = PBXFileReference; lastKnownFileType = sourcecode.swift; path = SecondViewController.swift; sourceTree = "<group>"; };
		3A7245082758B3CD00096F2E /* KKXTextView.swift */ = {isa = PBXFileReference; lastKnownFileType = sourcecode.swift; path = KKXTextView.swift; sourceTree = "<group>"; };
		3A72450C2758D38D00096F2E /* TextFieldController.swift */ = {isa = PBXFileReference; lastKnownFileType = sourcecode.swift; path = TextFieldController.swift; sourceTree = "<group>"; };
		3A72450E2759C5A600096F2E /* StackViewController.swift */ = {isa = PBXFileReference; lastKnownFileType = sourcecode.swift; path = StackViewController.swift; sourceTree = "<group>"; };
		3A7F074F26A0158300DE21BF /* TestScrollViewController.swift */ = {isa = PBXFileReference; lastKnownFileType = sourcecode.swift; path = TestScrollViewController.swift; sourceTree = "<group>"; };
		3A9B1F99264A926600A25136 /* UITextFieldExtension.swift */ = {isa = PBXFileReference; lastKnownFileType = sourcecode.swift; path = UITextFieldExtension.swift; sourceTree = "<group>"; };
		3A9B1F9B264A972300A25136 /* UITextViewExtension.swift */ = {isa = PBXFileReference; lastKnownFileType = sourcecode.swift; path = UITextViewExtension.swift; sourceTree = "<group>"; };
		3AA1176F2649194C0093551B /* Demo.app */ = {isa = PBXFileReference; explicitFileType = wrapper.application; includeInIndex = 0; path = Demo.app; sourceTree = BUILT_PRODUCTS_DIR; };
		3AA117722649194C0093551B /* AppDelegate.swift */ = {isa = PBXFileReference; lastKnownFileType = sourcecode.swift; path = AppDelegate.swift; sourceTree = "<group>"; };
		3AA117792649194C0093551B /* Base */ = {isa = PBXFileReference; lastKnownFileType = file.storyboard; name = Base; path = Base.lproj/Main.storyboard; sourceTree = "<group>"; };
		3AA1177B2649194E0093551B /* Assets.xcassets */ = {isa = PBXFileReference; lastKnownFileType = folder.assetcatalog; path = Assets.xcassets; sourceTree = "<group>"; };
		3AA1177E2649194E0093551B /* Base */ = {isa = PBXFileReference; lastKnownFileType = file.storyboard; name = Base; path = Base.lproj/LaunchScreen.storyboard; sourceTree = "<group>"; };
		3AA117802649194E0093551B /* Info.plist */ = {isa = PBXFileReference; lastKnownFileType = text.plist.xml; path = Info.plist; sourceTree = "<group>"; };
		3AA117882649199F0093551B /* TimerExtension.swift */ = {isa = PBXFileReference; fileEncoding = 4; lastKnownFileType = sourcecode.swift; path = TimerExtension.swift; sourceTree = "<group>"; };
		3AA1178A264922C10093551B /* UITabBarControllerExtension.swift */ = {isa = PBXFileReference; lastKnownFileType = sourcecode.swift; path = UITabBarControllerExtension.swift; sourceTree = "<group>"; };
		3AA1178C264924880093551B /* UICollectionViewCellExtension.swift */ = {isa = PBXFileReference; lastKnownFileType = sourcecode.swift; path = UICollectionViewCellExtension.swift; sourceTree = "<group>"; };
		3AA1178E264925B30093551B /* UIViewExtension.swift */ = {isa = PBXFileReference; lastKnownFileType = sourcecode.swift; path = UIViewExtension.swift; sourceTree = "<group>"; };
		3AA11790264926260093551B /* UIColorExtension.swift */ = {isa = PBXFileReference; lastKnownFileType = sourcecode.swift; path = UIColorExtension.swift; sourceTree = "<group>"; };
		3AA11793264926F40093551B /* Protocol.swift */ = {isa = PBXFileReference; lastKnownFileType = sourcecode.swift; path = Protocol.swift; sourceTree = "<group>"; };
		3AA11795264928220093551B /* DispatchQueueExtension.swift */ = {isa = PBXFileReference; lastKnownFileType = sourcecode.swift; path = DispatchQueueExtension.swift; sourceTree = "<group>"; };
		3AA11797264928570093551B /* StringExtension.swift */ = {isa = PBXFileReference; lastKnownFileType = sourcecode.swift; path = StringExtension.swift; sourceTree = "<group>"; };
		3AA1179926492AB20093551B /* DateExtension.swift */ = {isa = PBXFileReference; lastKnownFileType = sourcecode.swift; path = DateExtension.swift; sourceTree = "<group>"; };
		3AA1179B26492B260093551B /* UIScrollViewExtension.swift */ = {isa = PBXFileReference; lastKnownFileType = sourcecode.swift; path = UIScrollViewExtension.swift; sourceTree = "<group>"; };
		3AA1179E26492CFE0093551B /* KKXEmptyDataView.swift */ = {isa = PBXFileReference; lastKnownFileType = sourcecode.swift; path = KKXEmptyDataView.swift; sourceTree = "<group>"; };
		3AA117A026492DBF0093551B /* UIViewControllerExtension.swift */ = {isa = PBXFileReference; lastKnownFileType = sourcecode.swift; path = UIViewControllerExtension.swift; sourceTree = "<group>"; };
		3AA117A226492E340093551B /* KKXExtension.swift */ = {isa = PBXFileReference; lastKnownFileType = sourcecode.swift; path = KKXExtension.swift; sourceTree = "<group>"; };
		3AA117A5264934750093551B /* Configuration.swift */ = {isa = PBXFileReference; lastKnownFileType = sourcecode.swift; path = Configuration.swift; sourceTree = "<group>"; };
		3AA117A726493DE50093551B /* Convenient.swift */ = {isa = PBXFileReference; lastKnownFileType = sourcecode.swift; path = Convenient.swift; sourceTree = "<group>"; };
		3AA117A9264940DC0093551B /* UIDeviceExtension.swift */ = {isa = PBXFileReference; lastKnownFileType = sourcecode.swift; path = UIDeviceExtension.swift; sourceTree = "<group>"; };
		3AA117AD264941600093551B /* NSObjectExtension.swift */ = {isa = PBXFileReference; lastKnownFileType = sourcecode.swift; path = NSObjectExtension.swift; sourceTree = "<group>"; };
		3AA117AF264942C10093551B /* UIImageExtension.swift */ = {isa = PBXFileReference; lastKnownFileType = sourcecode.swift; path = UIImageExtension.swift; sourceTree = "<group>"; };
		3AA117B1264942DA0093551B /* UICollectionViewExtension.swift */ = {isa = PBXFileReference; lastKnownFileType = sourcecode.swift; path = UICollectionViewExtension.swift; sourceTree = "<group>"; };
		3AA117B32649432C0093551B /* TimeIntervalExtension.swift */ = {isa = PBXFileReference; lastKnownFileType = sourcecode.swift; path = TimeIntervalExtension.swift; sourceTree = "<group>"; };
		3AA117B5264943670093551B /* UIEdgeInsetsExtension.swift */ = {isa = PBXFileReference; lastKnownFileType = sourcecode.swift; path = UIEdgeInsetsExtension.swift; sourceTree = "<group>"; };
		3AA117B7264944B80093551B /* UINavigationControllerExtension.swift */ = {isa = PBXFileReference; lastKnownFileType = sourcecode.swift; path = UINavigationControllerExtension.swift; sourceTree = "<group>"; };
		3AA117B9264944FA0093551B /* UITableViewExtension.swift */ = {isa = PBXFileReference; lastKnownFileType = sourcecode.swift; path = UITableViewExtension.swift; sourceTree = "<group>"; };
		3AA117BB264945E20093551B /* KKXViewController.swift */ = {isa = PBXFileReference; lastKnownFileType = sourcecode.swift; path = KKXViewController.swift; sourceTree = "<group>"; };
		3AA117BD2649465D0093551B /* KKXNavigationController.swift */ = {isa = PBXFileReference; lastKnownFileType = sourcecode.swift; path = KKXNavigationController.swift; sourceTree = "<group>"; };
		3AA117BF264946A20093551B /* KKXTabBarController.swift */ = {isa = PBXFileReference; lastKnownFileType = sourcecode.swift; path = KKXTabBarController.swift; sourceTree = "<group>"; };
		3AA117C1264946DD0093551B /* KKXTableViewController.swift */ = {isa = PBXFileReference; lastKnownFileType = sourcecode.swift; path = KKXTableViewController.swift; sourceTree = "<group>"; };
		3AA117C32649472E0093551B /* KKXScrollViewController.swift */ = {isa = PBXFileReference; lastKnownFileType = sourcecode.swift; path = KKXScrollViewController.swift; sourceTree = "<group>"; };
		3AA117C5264947660093551B /* KKXCollectionViewController.swift */ = {isa = PBXFileReference; lastKnownFileType = sourcecode.swift; path = KKXCollectionViewController.swift; sourceTree = "<group>"; };
		3AA117C7264947A00093551B /* KKXWebViewController.swift */ = {isa = PBXFileReference; lastKnownFileType = sourcecode.swift; path = KKXWebViewController.swift; sourceTree = "<group>"; };
		3AA117C9264949F90093551B /* KKXFlowLayout.swift */ = {isa = PBXFileReference; lastKnownFileType = sourcecode.swift; path = KKXFlowLayout.swift; sourceTree = "<group>"; };
		3AC03102277D8F63004BBC69 /* Protocol.swift */ = {isa = PBXFileReference; lastKnownFileType = sourcecode.swift; path = Protocol.swift; sourceTree = "<group>"; };
		3AE07AD7273E6F5800A6BA0F /* KKXInputView.swift */ = {isa = PBXFileReference; lastKnownFileType = sourcecode.swift; path = KKXInputView.swift; sourceTree = "<group>"; };
		3AE987A9264B7AC300A4953D /* MainViewController.swift */ = {isa = PBXFileReference; lastKnownFileType = sourcecode.swift; path = MainViewController.swift; sourceTree = "<group>"; };
		3AEF240F265CFB32006FA9D4 /* KKXAlertManager.swift */ = {isa = PBXFileReference; lastKnownFileType = sourcecode.swift; path = KKXAlertManager.swift; sourceTree = "<group>"; };
		3AEF2411265CFB47006FA9D4 /* KKXAlertController.swift */ = {isa = PBXFileReference; lastKnownFileType = sourcecode.swift; path = KKXAlertController.swift; sourceTree = "<group>"; };
		3AEF2414265CFBED006FA9D4 /* KKXImageTransition.swift */ = {isa = PBXFileReference; fileEncoding = 4; lastKnownFileType = sourcecode.swift; path = KKXImageTransition.swift; sourceTree = "<group>"; };
		3AEF2415265CFBED006FA9D4 /* KKXImagePreviewController.swift */ = {isa = PBXFileReference; fileEncoding = 4; lastKnownFileType = sourcecode.swift; path = KKXImagePreviewController.swift; sourceTree = "<group>"; };
		3AEF2416265CFBED006FA9D4 /* KKXImageScrollView.swift */ = {isa = PBXFileReference; fileEncoding = 4; lastKnownFileType = sourcecode.swift; path = KKXImageScrollView.swift; sourceTree = "<group>"; };
		3AEF2417265CFBED006FA9D4 /* KKXImageContentController.swift */ = {isa = PBXFileReference; fileEncoding = 4; lastKnownFileType = sourcecode.swift; path = KKXImageContentController.swift; sourceTree = "<group>"; };
		3AEF241D265CFC2D006FA9D4 /* KKXSearchKeysCell.swift */ = {isa = PBXFileReference; fileEncoding = 4; lastKnownFileType = sourcecode.swift; path = KKXSearchKeysCell.swift; sourceTree = "<group>"; };
		3AEF241E265CFC2D006FA9D4 /* KKXSearchKeysHeader.swift */ = {isa = PBXFileReference; fileEncoding = 4; lastKnownFileType = sourcecode.swift; path = KKXSearchKeysHeader.swift; sourceTree = "<group>"; };
		3AEF241F265CFC2D006FA9D4 /* KKXSearchView.swift */ = {isa = PBXFileReference; fileEncoding = 4; lastKnownFileType = sourcecode.swift; path = KKXSearchView.swift; sourceTree = "<group>"; };
		3AEF2420265CFC2D006FA9D4 /* KKXSearchKeysLayout.swift */ = {isa = PBXFileReference; fileEncoding = 4; lastKnownFileType = sourcecode.swift; path = KKXSearchKeysLayout.swift; sourceTree = "<group>"; };
		3AEF2421265CFC2D006FA9D4 /* KKXSearchKeysController.swift */ = {isa = PBXFileReference; fileEncoding = 4; lastKnownFileType = sourcecode.swift; path = KKXSearchKeysController.swift; sourceTree = "<group>"; };
		3AEF2422265CFC2D006FA9D4 /* KKXSearchManager.swift */ = {isa = PBXFileReference; fileEncoding = 4; lastKnownFileType = sourcecode.swift; path = KKXSearchManager.swift; sourceTree = "<group>"; };
		3AEF242C265CFCCE006FA9D4 /* KKXScanLineAnimation.swift */ = {isa = PBXFileReference; fileEncoding = 4; lastKnownFileType = sourcecode.swift; path = KKXScanLineAnimation.swift; sourceTree = "<group>"; };
		3AEF242D265CFCCE006FA9D4 /* KKXScanResultController.swift */ = {isa = PBXFileReference; fileEncoding = 4; lastKnownFileType = sourcecode.swift; path = KKXScanResultController.swift; sourceTree = "<group>"; };
		3AEF242E265CFCCE006FA9D4 /* KKXScanView.swift */ = {isa = PBXFileReference; fileEncoding = 4; lastKnownFileType = sourcecode.swift; path = KKXScanView.swift; sourceTree = "<group>"; };
		3AEF2430265CFCCE006FA9D4 /* KKXScanNetAnimation.swift */ = {isa = PBXFileReference; fileEncoding = 4; lastKnownFileType = sourcecode.swift; path = KKXScanNetAnimation.swift; sourceTree = "<group>"; };
		3AEF2431265CFCCE006FA9D4 /* KKXScanViewStyle.swift */ = {isa = PBXFileReference; fileEncoding = 4; lastKnownFileType = sourcecode.swift; path = KKXScanViewStyle.swift; sourceTree = "<group>"; };
		3AEF2432265CFCCE006FA9D4 /* KKXScanViewController.swift */ = {isa = PBXFileReference; fileEncoding = 4; lastKnownFileType = sourcecode.swift; path = KKXScanViewController.swift; sourceTree = "<group>"; };
		3AEF2433265CFCCE006FA9D4 /* KKXScanWrapper.swift */ = {isa = PBXFileReference; fileEncoding = 4; lastKnownFileType = sourcecode.swift; path = KKXScanWrapper.swift; sourceTree = "<group>"; };
		3AEF24EF2660C708006FA9D4 /* README.md */ = {isa = PBXFileReference; fileEncoding = 4; lastKnownFileType = net.daringfireball.markdown; name = README.md; path = ../../README.md; sourceTree = "<group>"; };
		3AEF24F22660C916006FA9D4 /* PhotoViewController.swift */ = {isa = PBXFileReference; lastKnownFileType = sourcecode.swift; path = PhotoViewController.swift; sourceTree = "<group>"; };
		3AEF24F42660E101006FA9D4 /* CrashReport.swift */ = {isa = PBXFileReference; lastKnownFileType = sourcecode.swift; path = CrashReport.swift; sourceTree = "<group>"; };
		3AFCF19A264A22540026B5EB /* BundleExtension.swift */ = {isa = PBXFileReference; lastKnownFileType = sourcecode.swift; path = BundleExtension.swift; sourceTree = "<group>"; };
		3AFCF19D264A2DBD0026B5EB /* KKXPreferences.swift */ = {isa = PBXFileReference; lastKnownFileType = sourcecode.swift; path = KKXPreferences.swift; sourceTree = "<group>"; };
		3AFCF19F264A46C30026B5EB /* ObjectWrapper.swift */ = {isa = PBXFileReference; lastKnownFileType = sourcecode.swift; path = ObjectWrapper.swift; sourceTree = "<group>"; };
		3AFCF1A2264A4AAC0026B5EB /* KKXCollectionViewCell.swift */ = {isa = PBXFileReference; lastKnownFileType = sourcecode.swift; path = KKXCollectionViewCell.swift; sourceTree = "<group>"; };
		3AFCF1A4264A4B070026B5EB /* KKXTableViewCell.swift */ = {isa = PBXFileReference; lastKnownFileType = sourcecode.swift; path = KKXTableViewCell.swift; sourceTree = "<group>"; };
		3AFCF1AA264A62720026B5EB /* KKXInputLabel.swift */ = {isa = PBXFileReference; lastKnownFileType = sourcecode.swift; path = KKXInputLabel.swift; sourceTree = "<group>"; };
		3AFCF1AC264A64AC0026B5EB /* KKXTextField.swift */ = {isa = PBXFileReference; lastKnownFileType = sourcecode.swift; path = KKXTextField.swift; sourceTree = "<group>"; };
/* End PBXFileReference section */

/* Begin PBXFrameworksBuildPhase section */
		3AA1176C2649194C0093551B /* Frameworks */ = {
			isa = PBXFrameworksBuildPhase;
			buildActionMask = 2147483647;
			files = (
			);
			runOnlyForDeploymentPostprocessing = 0;
		};
/* End PBXFrameworksBuildPhase section */

/* Begin PBXGroup section */
		3AA117662649194C0093551B = {
			isa = PBXGroup;
			children = (
				3AA117712649194C0093551B /* Demo */,
				3AA117702649194C0093551B /* Products */,
			);
			sourceTree = "<group>";
		};
		3AA117702649194C0093551B /* Products */ = {
			isa = PBXGroup;
			children = (
				3AA1176F2649194C0093551B /* Demo.app */,
			);
			name = Products;
			sourceTree = "<group>";
		};
		3AA117712649194C0093551B /* Demo */ = {
			isa = PBXGroup;
			children = (
				3AEF24F12660C895006FA9D4 /* Class */,
				3AA117722649194C0093551B /* AppDelegate.swift */,
				3AA1177B2649194E0093551B /* Assets.xcassets */,
				3AA117802649194E0093551B /* Info.plist */,
				3AA1177D2649194E0093551B /* LaunchScreen.storyboard */,
				3AA117782649194C0093551B /* Main.storyboard */,
				3AEF24EF2660C708006FA9D4 /* README.md */,
				3AA117862649199F0093551B /* Sources */,
			);
			path = Demo;
			sourceTree = "<group>";
		};
		3AA117862649199F0093551B /* Sources */ = {
			isa = PBXGroup;
			children = (
				3A0C3CA5267B5C5500F713AE /* KKXMobile.bundle */,
				3AA11792264926A50093551B /* Base */,
				3AFCF19C264A2D660026B5EB /* Convenient */,
				3AA117872649199F0093551B /* Extensions */,
				3AEF240D265CFAEC006FA9D4 /* Tool */,
			);
			name = Sources;
			path = ../../Sources;
			sourceTree = "<group>";
		};
		3AA117872649199F0093551B /* Extensions */ = {
			isa = PBXGroup;
			children = (
				3AFCF19A264A22540026B5EB /* BundleExtension.swift */,
				3AA1179926492AB20093551B /* DateExtension.swift */,
				3AA11795264928220093551B /* DispatchQueueExtension.swift */,
				3AA117A226492E340093551B /* KKXExtension.swift */,
				3AA117AD264941600093551B /* NSObjectExtension.swift */,
				3AC03102277D8F63004BBC69 /* Protocol.swift */,
				3AA11797264928570093551B /* StringExtension.swift */,
				3AA117B32649432C0093551B /* TimeIntervalExtension.swift */,
				3AA117882649199F0093551B /* TimerExtension.swift */,
				3AA1178C264924880093551B /* UICollectionViewCellExtension.swift */,
				3AA117B1264942DA0093551B /* UICollectionViewExtension.swift */,
				3AA11790264926260093551B /* UIColorExtension.swift */,
				3AA117A9264940DC0093551B /* UIDeviceExtension.swift */,
				3AA117B5264943670093551B /* UIEdgeInsetsExtension.swift */,
				3AA117AF264942C10093551B /* UIImageExtension.swift */,
				3AA117B7264944B80093551B /* UINavigationControllerExtension.swift */,
				3AA1179B26492B260093551B /* UIScrollViewExtension.swift */,
				3AA1178A264922C10093551B /* UITabBarControllerExtension.swift */,
				3AA117B9264944FA0093551B /* UITableViewExtension.swift */,
				3A9B1F99264A926600A25136 /* UITextFieldExtension.swift */,
				3A9B1F9B264A972300A25136 /* UITextViewExtension.swift */,
				3AA117A026492DBF0093551B /* UIViewControllerExtension.swift */,
				3AA1178E264925B30093551B /* UIViewExtension.swift */,
				3A311A7E26D797C6003B3F7D /* WKWebViewExtension.swift */,
			);
			path = Extensions;
			sourceTree = "<group>";
		};
		3AA11792264926A50093551B /* Base */ = {
			isa = PBXGroup;
			children = (
				3AA117A4264934670093551B /* Controller */,
				3AA1179D26492CD80093551B /* View */,
			);
			path = Base;
			sourceTree = "<group>";
		};
		3AA1179D26492CD80093551B /* View */ = {
			isa = PBXGroup;
			children = (
				3AFCF1A2264A4AAC0026B5EB /* KKXCollectionViewCell.swift */,
				3A071EEF2668BC1000AC5221 /* KKXCountingLabel.swift */,
				3AA1179E26492CFE0093551B /* KKXEmptyDataView.swift */,
				3AFCF1AA264A62720026B5EB /* KKXInputLabel.swift */,
				3AE07AD7273E6F5800A6BA0F /* KKXInputView.swift */,
				3AFCF1A4264A4B070026B5EB /* KKXTableViewCell.swift */,
				3AFCF1AC264A64AC0026B5EB /* KKXTextField.swift */,
				3A071EDE26676DFC00AC5221 /* KKXTextLabelView.swift */,
				3A7245082758B3CD00096F2E /* KKXTextView.swift */,
			);
			path = View;
			sourceTree = "<group>";
		};
		3AA117A4264934670093551B /* Controller */ = {
			isa = PBXGroup;
			children = (
				3AA117C5264947660093551B /* KKXCollectionViewController.swift */,
				3AA117BD2649465D0093551B /* KKXNavigationController.swift */,
				3AA117C32649472E0093551B /* KKXScrollViewController.swift */,
				3AA117BF264946A20093551B /* KKXTabBarController.swift */,
				3AA117C1264946DD0093551B /* KKXTableViewController.swift */,
				3AA117BB264945E20093551B /* KKXViewController.swift */,
				3AA117C7264947A00093551B /* KKXWebViewController.swift */,
			);
			path = Controller;
			sourceTree = "<group>";
		};
		3AEF240D265CFAEC006FA9D4 /* Tool */ = {
			isa = PBXGroup;
			children = (
				3AEF240E265CFB0F006FA9D4 /* AlertController */,
				3AEF2413265CFBED006FA9D4 /* ImagePreview */,
				3AEF242B265CFCCE006FA9D4 /* Scan */,
				3AEF241C265CFC2D006FA9D4 /* Search */,
			);
			path = Tool;
			sourceTree = "<group>";
		};
		3AEF240E265CFB0F006FA9D4 /* AlertController */ = {
			isa = PBXGroup;
			children = (
				3AEF2411265CFB47006FA9D4 /* KKXAlertController.swift */,
				3AEF240F265CFB32006FA9D4 /* KKXAlertManager.swift */,
			);
			path = AlertController;
			sourceTree = "<group>";
		};
		3AEF2413265CFBED006FA9D4 /* ImagePreview */ = {
			isa = PBXGroup;
			children = (
				3AEF2417265CFBED006FA9D4 /* KKXImageContentController.swift */,
				3AEF2415265CFBED006FA9D4 /* KKXImagePreviewController.swift */,
				3AEF2416265CFBED006FA9D4 /* KKXImageScrollView.swift */,
				3AEF2414265CFBED006FA9D4 /* KKXImageTransition.swift */,
			);
			path = ImagePreview;
			sourceTree = "<group>";
		};
		3AEF241C265CFC2D006FA9D4 /* Search */ = {
			isa = PBXGroup;
			children = (
				3AEF241D265CFC2D006FA9D4 /* KKXSearchKeysCell.swift */,
				3AEF2421265CFC2D006FA9D4 /* KKXSearchKeysController.swift */,
				3AEF241E265CFC2D006FA9D4 /* KKXSearchKeysHeader.swift */,
				3AEF2420265CFC2D006FA9D4 /* KKXSearchKeysLayout.swift */,
				3AEF2422265CFC2D006FA9D4 /* KKXSearchManager.swift */,
				3AEF241F265CFC2D006FA9D4 /* KKXSearchView.swift */,
			);
			path = Search;
			sourceTree = "<group>";
		};
		3AEF242B265CFCCE006FA9D4 /* Scan */ = {
			isa = PBXGroup;
			children = (
				3AEF242C265CFCCE006FA9D4 /* KKXScanLineAnimation.swift */,
				3AEF2430265CFCCE006FA9D4 /* KKXScanNetAnimation.swift */,
				3AEF242D265CFCCE006FA9D4 /* KKXScanResultController.swift */,
				3AEF242E265CFCCE006FA9D4 /* KKXScanView.swift */,
				3AEF2432265CFCCE006FA9D4 /* KKXScanViewController.swift */,
				3AEF2431265CFCCE006FA9D4 /* KKXScanViewStyle.swift */,
				3AEF2433265CFCCE006FA9D4 /* KKXScanWrapper.swift */,
			);
			path = Scan;
			sourceTree = "<group>";
		};
		3AEF24F12660C895006FA9D4 /* Class */ = {
			isa = PBXGroup;
			children = (
				3AEF24F42660E101006FA9D4 /* CrashReport.swift */,
				3AE987A9264B7AC300A4953D /* MainViewController.swift */,
				3A7245062758772200096F2E /* SecondViewController.swift */,
				3AEF24F22660C916006FA9D4 /* PhotoViewController.swift */,
				3A7F074F26A0158300DE21BF /* TestScrollViewController.swift */,
				3A72450C2758D38D00096F2E /* TextFieldController.swift */,
				3A72450E2759C5A600096F2E /* StackViewController.swift */,
			);
			path = Class;
			sourceTree = "<group>";
		};
		3AFCF19C264A2D660026B5EB /* Convenient */ = {
			isa = PBXGroup;
			children = (
				3AA117A5264934750093551B /* Configuration.swift */,
				3AA117A726493DE50093551B /* Convenient.swift */,
				3AA117C9264949F90093551B /* KKXFlowLayout.swift */,
				3A311ABD26E8CE4E003B3F7D /* KKXMobile.swift */,
				3AFCF19D264A2DBD0026B5EB /* KKXPreferences.swift */,
				3AFCF19F264A46C30026B5EB /* ObjectWrapper.swift */,
				3AA11793264926F40093551B /* Protocol.swift */,
			);
			path = Convenient;
			sourceTree = "<group>";
		};
/* End PBXGroup section */

/* Begin PBXNativeTarget section */
		3AA1176E2649194C0093551B /* Demo */ = {
			isa = PBXNativeTarget;
			buildConfigurationList = 3AA117832649194E0093551B /* Build configuration list for PBXNativeTarget "Demo" */;
			buildPhases = (
				3AA1176B2649194C0093551B /* Sources */,
				3AA1176C2649194C0093551B /* Frameworks */,
				3AA1176D2649194C0093551B /* Resources */,
			);
			buildRules = (
			);
			dependencies = (
			);
			name = Demo;
			productName = Demo;
			productReference = 3AA1176F2649194C0093551B /* Demo.app */;
			productType = "com.apple.product-type.application";
		};
/* End PBXNativeTarget section */

/* Begin PBXProject section */
		3AA117672649194C0093551B /* Project object */ = {
			isa = PBXProject;
			attributes = {
				LastSwiftUpdateCheck = 1250;
				LastUpgradeCheck = 1250;
				TargetAttributes = {
					3AA1176E2649194C0093551B = {
						CreatedOnToolsVersion = 12.5;
					};
				};
			};
			buildConfigurationList = 3AA1176A2649194C0093551B /* Build configuration list for PBXProject "Demo" */;
			compatibilityVersion = "Xcode 9.3";
			developmentRegion = en;
			hasScannedForEncodings = 0;
			knownRegions = (
				en,
				Base,
			);
			mainGroup = 3AA117662649194C0093551B;
			productRefGroup = 3AA117702649194C0093551B /* Products */;
			projectDirPath = "";
			projectRoot = "";
			targets = (
				3AA1176E2649194C0093551B /* Demo */,
			);
		};
/* End PBXProject section */

/* Begin PBXResourcesBuildPhase section */
		3AA1176D2649194C0093551B /* Resources */ = {
			isa = PBXResourcesBuildPhase;
			buildActionMask = 2147483647;
			files = (
				3A0C3CA6267B5C5600F713AE /* KKXMobile.bundle in Resources */,
				3AA1177F2649194E0093551B /* LaunchScreen.storyboard in Resources */,
				3AA1177C2649194E0093551B /* Assets.xcassets in Resources */,
				3AA1177A2649194C0093551B /* Main.storyboard in Resources */,
				3AEF24F02660C708006FA9D4 /* README.md in Resources */,
			);
			runOnlyForDeploymentPostprocessing = 0;
		};
/* End PBXResourcesBuildPhase section */

/* Begin PBXSourcesBuildPhase section */
		3AA1176B2649194C0093551B /* Sources */ = {
			isa = PBXSourcesBuildPhase;
			buildActionMask = 2147483647;
			files = (
				3AA117C2264946DD0093551B /* KKXTableViewController.swift in Sources */,
				3AEF2410265CFB32006FA9D4 /* KKXAlertManager.swift in Sources */,
				3AEF2419265CFBED006FA9D4 /* KKXImagePreviewController.swift in Sources */,
				3AEF2412265CFB48006FA9D4 /* KKXAlertController.swift in Sources */,
				3AA117C8264947A00093551B /* KKXWebViewController.swift in Sources */,
				3AA117B2264942DA0093551B /* UICollectionViewExtension.swift in Sources */,
				3AEF243A265CFCCE006FA9D4 /* KKXScanViewController.swift in Sources */,
				3AEF2424265CFC2D006FA9D4 /* KKXSearchKeysCell.swift in Sources */,
				3A071EF02668BC1000AC5221 /* KKXCountingLabel.swift in Sources */,
				3AEF2434265CFCCE006FA9D4 /* KKXScanLineAnimation.swift in Sources */,
				3AA1179A26492AB20093551B /* DateExtension.swift in Sources */,
				3A9B1F9C264A972300A25136 /* UITextViewExtension.swift in Sources */,
				3AEF2425265CFC2D006FA9D4 /* KKXSearchKeysHeader.swift in Sources */,
				3AA117B0264942C10093551B /* UIImageExtension.swift in Sources */,
				3AEF2439265CFCCE006FA9D4 /* KKXScanViewStyle.swift in Sources */,
				3AEF2436265CFCCE006FA9D4 /* KKXScanView.swift in Sources */,
				3AE07AD8273E6F5800A6BA0F /* KKXInputView.swift in Sources */,
				3AA117B6264943670093551B /* UIEdgeInsetsExtension.swift in Sources */,
				3AA117A126492DBF0093551B /* UIViewControllerExtension.swift in Sources */,
				3AA117A826493DE50093551B /* Convenient.swift in Sources */,
				3AEF241B265CFBED006FA9D4 /* KKXImageContentController.swift in Sources */,
				3AFCF1A5264A4B070026B5EB /* KKXTableViewCell.swift in Sources */,
				3A7F075026A0158300DE21BF /* TestScrollViewController.swift in Sources */,
				3AEF24F52660E102006FA9D4 /* CrashReport.swift in Sources */,
				3A9B1F9A264A926600A25136 /* UITextFieldExtension.swift in Sources */,
				3AEF2435265CFCCE006FA9D4 /* KKXScanResultController.swift in Sources */,
				3AFCF1A0264A46C30026B5EB /* ObjectWrapper.swift in Sources */,
				3AFCF19E264A2DBE0026B5EB /* KKXPreferences.swift in Sources */,
				3AA117892649199F0093551B /* TimerExtension.swift in Sources */,
				3AA1178D264924880093551B /* UICollectionViewCellExtension.swift in Sources */,
				3AFCF19B264A22540026B5EB /* BundleExtension.swift in Sources */,
				3AA11791264926260093551B /* UIColorExtension.swift in Sources */,
				3A7245072758772200096F2E /* SecondViewController.swift in Sources */,
				3A72450D2758D38D00096F2E /* TextFieldController.swift in Sources */,
				3AFCF1A3264A4AAC0026B5EB /* KKXCollectionViewCell.swift in Sources */,
				3AA117C42649472E0093551B /* KKXScrollViewController.swift in Sources */,
				3AFCF1AD264A64AC0026B5EB /* KKXTextField.swift in Sources */,
				3AA1178B264922C10093551B /* UITabBarControllerExtension.swift in Sources */,
				3AEF241A265CFBED006FA9D4 /* KKXImageScrollView.swift in Sources */,
				3AA117BC264945E20093551B /* KKXViewController.swift in Sources */,
				3A311ABE26E8CE4F003B3F7D /* KKXMobile.swift in Sources */,
				3AEF24F32660C916006FA9D4 /* PhotoViewController.swift in Sources */,
				3AA11794264926F40093551B /* Protocol.swift in Sources */,
				3AA117A6264934750093551B /* Configuration.swift in Sources */,
				3A72450F2759C5A600096F2E /* StackViewController.swift in Sources */,
				3AA117A326492E340093551B /* KKXExtension.swift in Sources */,
				3AEF2418265CFBED006FA9D4 /* KKXImageTransition.swift in Sources */,
				3AA117AE264941600093551B /* NSObjectExtension.swift in Sources */,
				3AEF2427265CFC2D006FA9D4 /* KKXSearchKeysLayout.swift in Sources */,
				3AA117AA264940DC0093551B /* UIDeviceExtension.swift in Sources */,
				3A071EDF26676DFC00AC5221 /* KKXTextLabelView.swift in Sources */,
				3A7245092758B3CD00096F2E /* KKXTextView.swift in Sources */,
				3AA117C0264946A20093551B /* KKXTabBarController.swift in Sources */,
				3AC03103277D8F63004BBC69 /* Protocol.swift in Sources */,
				3AA1178F264925B30093551B /* UIViewExtension.swift in Sources */,
				3AA117CA264949F90093551B /* KKXFlowLayout.swift in Sources */,
				3AEF2438265CFCCE006FA9D4 /* KKXScanNetAnimation.swift in Sources */,
				3AA117BE2649465D0093551B /* KKXNavigationController.swift in Sources */,
				3AA1179F26492CFE0093551B /* KKXEmptyDataView.swift in Sources */,
				3AE987AA264B7AC300A4953D /* MainViewController.swift in Sources */,
				3AA117B42649432C0093551B /* TimeIntervalExtension.swift in Sources */,
				3AEF2428265CFC2D006FA9D4 /* KKXSearchKeysController.swift in Sources */,
				3AEF2426265CFC2D006FA9D4 /* KKXSearchView.swift in Sources */,
				3AFCF1AB264A62720026B5EB /* KKXInputLabel.swift in Sources */,
				3AA117BA264944FA0093551B /* UITableViewExtension.swift in Sources */,
				3AA11796264928220093551B /* DispatchQueueExtension.swift in Sources */,
				3AA117B8264944B80093551B /* UINavigationControllerExtension.swift in Sources */,
				3AEF2429265CFC2D006FA9D4 /* KKXSearchManager.swift in Sources */,
				3AA117732649194C0093551B /* AppDelegate.swift in Sources */,
				3AA1179C26492B260093551B /* UIScrollViewExtension.swift in Sources */,
				3AA11798264928570093551B /* StringExtension.swift in Sources */,
				3AEF243B265CFCCE006FA9D4 /* KKXScanWrapper.swift in Sources */,
				3AA117C6264947660093551B /* KKXCollectionViewController.swift in Sources */,
				3A311A7F26D797C6003B3F7D /* WKWebViewExtension.swift in Sources */,
			);
			runOnlyForDeploymentPostprocessing = 0;
		};
/* End PBXSourcesBuildPhase section */

/* Begin PBXVariantGroup section */
		3AA117782649194C0093551B /* Main.storyboard */ = {
			isa = PBXVariantGroup;
			children = (
				3AA117792649194C0093551B /* Base */,
			);
			name = Main.storyboard;
			sourceTree = "<group>";
		};
		3AA1177D2649194E0093551B /* LaunchScreen.storyboard */ = {
			isa = PBXVariantGroup;
			children = (
				3AA1177E2649194E0093551B /* Base */,
			);
			name = LaunchScreen.storyboard;
			sourceTree = "<group>";
		};
/* End PBXVariantGroup section */

/* Begin XCBuildConfiguration section */
		3AA117812649194E0093551B /* Debug */ = {
			isa = XCBuildConfiguration;
			buildSettings = {
				ALWAYS_SEARCH_USER_PATHS = NO;
				CLANG_ANALYZER_NONNULL = YES;
				CLANG_ANALYZER_NUMBER_OBJECT_CONVERSION = YES_AGGRESSIVE;
				CLANG_CXX_LANGUAGE_STANDARD = "gnu++14";
				CLANG_CXX_LIBRARY = "libc++";
				CLANG_ENABLE_MODULES = YES;
				CLANG_ENABLE_OBJC_ARC = YES;
				CLANG_ENABLE_OBJC_WEAK = YES;
				CLANG_WARN_BLOCK_CAPTURE_AUTORELEASING = YES;
				CLANG_WARN_BOOL_CONVERSION = YES;
				CLANG_WARN_COMMA = YES;
				CLANG_WARN_CONSTANT_CONVERSION = YES;
				CLANG_WARN_DEPRECATED_OBJC_IMPLEMENTATIONS = YES;
				CLANG_WARN_DIRECT_OBJC_ISA_USAGE = YES_ERROR;
				CLANG_WARN_DOCUMENTATION_COMMENTS = YES;
				CLANG_WARN_EMPTY_BODY = YES;
				CLANG_WARN_ENUM_CONVERSION = YES;
				CLANG_WARN_INFINITE_RECURSION = YES;
				CLANG_WARN_INT_CONVERSION = YES;
				CLANG_WARN_NON_LITERAL_NULL_CONVERSION = YES;
				CLANG_WARN_OBJC_IMPLICIT_RETAIN_SELF = YES;
				CLANG_WARN_OBJC_LITERAL_CONVERSION = YES;
				CLANG_WARN_OBJC_ROOT_CLASS = YES_ERROR;
				CLANG_WARN_QUOTED_INCLUDE_IN_FRAMEWORK_HEADER = YES;
				CLANG_WARN_RANGE_LOOP_ANALYSIS = YES;
				CLANG_WARN_STRICT_PROTOTYPES = YES;
				CLANG_WARN_SUSPICIOUS_MOVE = YES;
				CLANG_WARN_UNGUARDED_AVAILABILITY = YES_AGGRESSIVE;
				CLANG_WARN_UNREACHABLE_CODE = YES;
				CLANG_WARN__DUPLICATE_METHOD_MATCH = YES;
				COPY_PHASE_STRIP = NO;
				DEBUG_INFORMATION_FORMAT = dwarf;
				ENABLE_STRICT_OBJC_MSGSEND = YES;
				ENABLE_TESTABILITY = YES;
				GCC_C_LANGUAGE_STANDARD = gnu11;
				GCC_DYNAMIC_NO_PIC = NO;
				GCC_NO_COMMON_BLOCKS = YES;
				GCC_OPTIMIZATION_LEVEL = 0;
				GCC_PREPROCESSOR_DEFINITIONS = (
					"DEBUG=1",
					"$(inherited)",
				);
				GCC_WARN_64_TO_32_BIT_CONVERSION = YES;
				GCC_WARN_ABOUT_RETURN_TYPE = YES_ERROR;
				GCC_WARN_UNDECLARED_SELECTOR = YES;
				GCC_WARN_UNINITIALIZED_AUTOS = YES_AGGRESSIVE;
				GCC_WARN_UNUSED_FUNCTION = YES;
				GCC_WARN_UNUSED_VARIABLE = YES;
				IPHONEOS_DEPLOYMENT_TARGET = 11.0;
				MTL_ENABLE_DEBUG_INFO = INCLUDE_SOURCE;
				MTL_FAST_MATH = YES;
				ONLY_ACTIVE_ARCH = YES;
				SDKROOT = iphoneos;
				SWIFT_ACTIVE_COMPILATION_CONDITIONS = DEBUG;
				SWIFT_OPTIMIZATION_LEVEL = "-Onone";
			};
			name = Debug;
		};
		3AA117822649194E0093551B /* Release */ = {
			isa = XCBuildConfiguration;
			buildSettings = {
				ALWAYS_SEARCH_USER_PATHS = NO;
				CLANG_ANALYZER_NONNULL = YES;
				CLANG_ANALYZER_NUMBER_OBJECT_CONVERSION = YES_AGGRESSIVE;
				CLANG_CXX_LANGUAGE_STANDARD = "gnu++14";
				CLANG_CXX_LIBRARY = "libc++";
				CLANG_ENABLE_MODULES = YES;
				CLANG_ENABLE_OBJC_ARC = YES;
				CLANG_ENABLE_OBJC_WEAK = YES;
				CLANG_WARN_BLOCK_CAPTURE_AUTORELEASING = YES;
				CLANG_WARN_BOOL_CONVERSION = YES;
				CLANG_WARN_COMMA = YES;
				CLANG_WARN_CONSTANT_CONVERSION = YES;
				CLANG_WARN_DEPRECATED_OBJC_IMPLEMENTATIONS = YES;
				CLANG_WARN_DIRECT_OBJC_ISA_USAGE = YES_ERROR;
				CLANG_WARN_DOCUMENTATION_COMMENTS = YES;
				CLANG_WARN_EMPTY_BODY = YES;
				CLANG_WARN_ENUM_CONVERSION = YES;
				CLANG_WARN_INFINITE_RECURSION = YES;
				CLANG_WARN_INT_CONVERSION = YES;
				CLANG_WARN_NON_LITERAL_NULL_CONVERSION = YES;
				CLANG_WARN_OBJC_IMPLICIT_RETAIN_SELF = YES;
				CLANG_WARN_OBJC_LITERAL_CONVERSION = YES;
				CLANG_WARN_OBJC_ROOT_CLASS = YES_ERROR;
				CLANG_WARN_QUOTED_INCLUDE_IN_FRAMEWORK_HEADER = YES;
				CLANG_WARN_RANGE_LOOP_ANALYSIS = YES;
				CLANG_WARN_STRICT_PROTOTYPES = YES;
				CLANG_WARN_SUSPICIOUS_MOVE = YES;
				CLANG_WARN_UNGUARDED_AVAILABILITY = YES_AGGRESSIVE;
				CLANG_WARN_UNREACHABLE_CODE = YES;
				CLANG_WARN__DUPLICATE_METHOD_MATCH = YES;
				COPY_PHASE_STRIP = NO;
				DEBUG_INFORMATION_FORMAT = "dwarf-with-dsym";
				ENABLE_NS_ASSERTIONS = NO;
				ENABLE_STRICT_OBJC_MSGSEND = YES;
				GCC_C_LANGUAGE_STANDARD = gnu11;
				GCC_NO_COMMON_BLOCKS = YES;
				GCC_WARN_64_TO_32_BIT_CONVERSION = YES;
				GCC_WARN_ABOUT_RETURN_TYPE = YES_ERROR;
				GCC_WARN_UNDECLARED_SELECTOR = YES;
				GCC_WARN_UNINITIALIZED_AUTOS = YES_AGGRESSIVE;
				GCC_WARN_UNUSED_FUNCTION = YES;
				GCC_WARN_UNUSED_VARIABLE = YES;
				IPHONEOS_DEPLOYMENT_TARGET = 11.0;
				MTL_ENABLE_DEBUG_INFO = NO;
				MTL_FAST_MATH = YES;
				SDKROOT = iphoneos;
				SWIFT_COMPILATION_MODE = wholemodule;
				SWIFT_OPTIMIZATION_LEVEL = "-O";
				VALIDATE_PRODUCT = YES;
			};
			name = Release;
		};
		3AA117842649194E0093551B /* Debug */ = {
			isa = XCBuildConfiguration;
			buildSettings = {
				ASSETCATALOG_COMPILER_APPICON_NAME = AppIcon;
				ASSETCATALOG_COMPILER_GLOBAL_ACCENT_COLOR_NAME = AccentColor;
				CODE_SIGN_STYLE = Automatic;
				DEVELOPMENT_TEAM = BP8BB6LLVR;
				INFOPLIST_FILE = Demo/Info.plist;
				LD_RUNPATH_SEARCH_PATHS = (
					"$(inherited)",
					"@executable_path/Frameworks",
				);
				MARKETING_VERSION = 0.0.1;
				PRODUCT_BUNDLE_IDENTIFIER = com.wdcloud.Demo;
				PRODUCT_NAME = "$(TARGET_NAME)";
				SWIFT_VERSION = 5.0;
				TARGETED_DEVICE_FAMILY = 1;
			};
			name = Debug;
		};
		3AA117852649194E0093551B /* Release */ = {
			isa = XCBuildConfiguration;
			buildSettings = {
				ASSETCATALOG_COMPILER_APPICON_NAME = AppIcon;
				ASSETCATALOG_COMPILER_GLOBAL_ACCENT_COLOR_NAME = AccentColor;
				CODE_SIGN_STYLE = Automatic;
				DEVELOPMENT_TEAM = BP8BB6LLVR;
				INFOPLIST_FILE = Demo/Info.plist;
				LD_RUNPATH_SEARCH_PATHS = (
					"$(inherited)",
					"@executable_path/Frameworks",
				);
				MARKETING_VERSION = 0.0.1;
				PRODUCT_BUNDLE_IDENTIFIER = com.wdcloud.Demo;
				PRODUCT_NAME = "$(TARGET_NAME)";
				SWIFT_VERSION = 5.0;
				TARGETED_DEVICE_FAMILY = 1;
			};
			name = Release;
		};
/* End XCBuildConfiguration section */

/* Begin XCConfigurationList section */
		3AA1176A2649194C0093551B /* Build configuration list for PBXProject "Demo" */ = {
			isa = XCConfigurationList;
			buildConfigurations = (
				3AA117812649194E0093551B /* Debug */,
				3AA117822649194E0093551B /* Release */,
			);
			defaultConfigurationIsVisible = 0;
			defaultConfigurationName = Release;
		};
		3AA117832649194E0093551B /* Build configuration list for PBXNativeTarget "Demo" */ = {
			isa = XCConfigurationList;
			buildConfigurations = (
				3AA117842649194E0093551B /* Debug */,
				3AA117852649194E0093551B /* Release */,
			);
			defaultConfigurationIsVisible = 0;
			defaultConfigurationName = Release;
		};
/* End XCConfigurationList section */
	};
	rootObject = 3AA117672649194C0093551B /* Project object */;
}
